
Microsoft Visual Studio Solution File, Format Version 12.00
# Visual Studio 2012
Project("{FAE04EC0-301F-11D3-BF4B-00C04F79EFBC}") = "PagedOptionsDialog", "Src\PagedOptionsDialog\PagedOptionsDialog.csproj", "{8B845581-1547-4AB4-A000-364D61B7EA5B}"
EndProject
Project("{2150E333-8FDC-42A3-9474-1A3956D46DE8}") = "Solution Items", "Solution Items", "{A6F024DD-DB6A-4A86-A08A-CBE5858C482A}"
	ProjectSection(SolutionItems) = preProject
		LICENSE.txt = LICENSE.txt
		README.md = README.md
	EndProjectSection
EndProject
Global
	GlobalSection(SolutionConfigurationPlatforms) = preSolution
		Debug|Any CPU = Debug|Any CPU
		Release|Any CPU = Release|Any CPU
	EndGlobalSection
	GlobalSection(ProjectConfigurationPlatforms) = postSolution
		{8B845581-1547-4AB4-A000-364D61B7EA5B}.Debug|Any CPU.ActiveCfg = Debug|Any CPU
		{8B845581-1547-4AB4-A000-364D61B7EA5B}.Debug|Any CPU.Build.0 = Debug|Any CPU
		{8B845581-1547-4AB4-A000-364D61B7EA5B}.Release|Any CPU.ActiveCfg = Release|Any CPU
		{8B845581-1547-4AB4-A000-364D61B7EA5B}.Release|Any CPU.Build.0 = Release|Any CPU
	EndGlobalSection
	GlobalSection(SolutionProperties) = preSolution
		HideSolutionNode = FALSE
	EndGlobalSection
EndGlobal
